
Microsoft Visual Studio Solution File, Format Version 12.00
# Visual Studio Version 16
VisualStudioVersion = 16.0.31613.86
MinimumVisualStudioVersion = 10.0.40219.1
Project("{FAE04EC0-301F-11D3-BF4B-00C04F79EFBC}") = "CureItUsbHealer", "CureItUsbHealer\CureItUsbHealer.csproj", "{D04249AF-3F7B-4AC5-BB22-4014DE2DF9CB}"
EndProject
Global
	GlobalSection(SolutionConfigurationPlatforms) = preSolution
		Debug|Any CPU = Debug|Any CPU
		Release|Any CPU = Release|Any CPU
	EndGlobalSection
	GlobalSection(ProjectConfigurationPlatforms) = postSolution
		{D04249AF-3F7B-4AC5-BB22-4014DE2DF9CB}.Debug|Any CPU.ActiveCfg = Debug|Any CPU
		{D04249AF-3F7B-4AC5-BB22-4014DE2DF9CB}.Debug|Any CPU.Build.0 = Debug|Any CPU
		{D04249AF-3F7B-4AC5-BB22-4014DE2DF9CB}.Release|Any CPU.ActiveCfg = Release|Any CPU
		{D04249AF-3F7B-4AC5-BB22-4014DE2DF9CB}.Release|Any CPU.Build.0 = Release|Any CPU
	EndGlobalSection
	GlobalSection(SolutionProperties) = preSolution
		HideSolutionNode = FALSE
	EndGlobalSection
	GlobalSection(ExtensibilityGlobals) = postSolution
		SolutionGuid = {9079E45E-3793-4C79-B446-20184C8529C9}
	EndGlobalSection
EndGlobal
